
Microsoft Visual Studio Solution File, Format Version 12.00
# Visual Studio Version 16
VisualStudioVersion = 16.0.29613.14
MinimumVisualStudioVersion = 10.0.40219.1
Project("{9A19103F-16F7-4668-BE54-9A1E7A4F7556}") = "WebApi", "WebApi\WebApi.csproj", "{09F6E5C2-CC55-42D7-B7E0-4340B876EC5D}"
EndProject
Project("{2150E333-8FDC-42A3-9474-1A3956D46DE8}") = "Solution Items", "Solution Items", "{F9F7D9C5-A1F0-49D4-B91F-45D41E908EF8}"
	ProjectSection(SolutionItems) = preProject
		..\.editorconfig = ..\.editorconfig
		..\.gitattributes = ..\.gitattributes
		..\.gitignore = ..\.gitignore
		..\.prettierrc = ..\.prettierrc
		..\CodeMaid.config = ..\CodeMaid.config
		..\CONTRIBUTING.md = ..\CONTRIBUTING.md
		..\Directory.Build.props = ..\Directory.Build.props
		..\Directory.Build.targets = ..\Directory.Build.targets
		..\global.json = ..\global.json
		..\LICENSE = ..\LICENSE
		..\README.md = ..\README.md
		..\SonarLint.xml = ..\SonarLint.xml
	EndProjectSection
EndProject
Project("{9A19103F-16F7-4668-BE54-9A1E7A4F7556}") = "Application", "Application\Application.csproj", "{D63A438C-FE46-4EDC-A30B-159479939A2D}"
EndProject
Project("{9A19103F-16F7-4668-BE54-9A1E7A4F7556}") = "Website", "Website\Website.csproj", "{F14EFC7C-82E0-464A-B021-6A9D8B3ADC8F}"
EndProject
Project("{9A19103F-16F7-4668-BE54-9A1E7A4F7556}") = "Infrastructure", "Infrastructure\Infrastructure.csproj", "{41F3BD3E-DD7A-4F9B-9150-AA627A3FF991}"
EndProject
Project("{9A19103F-16F7-4668-BE54-9A1E7A4F7556}") = "Application.Tests", "Application\Tests\Application.Tests.csproj", "{7BE90F4C-6192-444A-942F-19ECB3670FFB}"
EndProject
Global
	GlobalSection(SolutionConfigurationPlatforms) = preSolution
		Debug|Any CPU = Debug|Any CPU
		Release|Any CPU = Release|Any CPU
	EndGlobalSection
	GlobalSection(ProjectConfigurationPlatforms) = postSolution
		{09F6E5C2-CC55-42D7-B7E0-4340B876EC5D}.Debug|Any CPU.ActiveCfg = Debug|Any CPU
		{09F6E5C2-CC55-42D7-B7E0-4340B876EC5D}.Debug|Any CPU.Build.0 = Debug|Any CPU
		{09F6E5C2-CC55-42D7-B7E0-4340B876EC5D}.Release|Any CPU.ActiveCfg = Release|Any CPU
		{09F6E5C2-CC55-42D7-B7E0-4340B876EC5D}.Release|Any CPU.Build.0 = Release|Any CPU
		{D63A438C-FE46-4EDC-A30B-159479939A2D}.Debug|Any CPU.ActiveCfg = Debug|Any CPU
		{D63A438C-FE46-4EDC-A30B-159479939A2D}.Debug|Any CPU.Build.0 = Debug|Any CPU
		{D63A438C-FE46-4EDC-A30B-159479939A2D}.Release|Any CPU.ActiveCfg = Release|Any CPU
		{D63A438C-FE46-4EDC-A30B-159479939A2D}.Release|Any CPU.Build.0 = Release|Any CPU
		{F14EFC7C-82E0-464A-B021-6A9D8B3ADC8F}.Debug|Any CPU.ActiveCfg = Debug|Any CPU
		{F14EFC7C-82E0-464A-B021-6A9D8B3ADC8F}.Debug|Any CPU.Build.0 = Debug|Any CPU
		{F14EFC7C-82E0-464A-B021-6A9D8B3ADC8F}.Release|Any CPU.ActiveCfg = Release|Any CPU
		{F14EFC7C-82E0-464A-B021-6A9D8B3ADC8F}.Release|Any CPU.Build.0 = Release|Any CPU
		{41F3BD3E-DD7A-4F9B-9150-AA627A3FF991}.Debug|Any CPU.ActiveCfg = Debug|Any CPU
		{41F3BD3E-DD7A-4F9B-9150-AA627A3FF991}.Debug|Any CPU.Build.0 = Debug|Any CPU
		{41F3BD3E-DD7A-4F9B-9150-AA627A3FF991}.Release|Any CPU.ActiveCfg = Release|Any CPU
		{41F3BD3E-DD7A-4F9B-9150-AA627A3FF991}.Release|Any CPU.Build.0 = Release|Any CPU
		{7BE90F4C-6192-444A-942F-19ECB3670FFB}.Debug|Any CPU.ActiveCfg = Debug|Any CPU
		{7BE90F4C-6192-444A-942F-19ECB3670FFB}.Debug|Any CPU.Build.0 = Debug|Any CPU
		{7BE90F4C-6192-444A-942F-19ECB3670FFB}.Release|Any CPU.ActiveCfg = Release|Any CPU
		{7BE90F4C-6192-444A-942F-19ECB3670FFB}.Release|Any CPU.Build.0 = Release|Any CPU
	EndGlobalSection
	GlobalSection(SolutionProperties) = preSolution
		HideSolutionNode = FALSE
	EndGlobalSection
	GlobalSection(ExtensibilityGlobals) = postSolution
		SolutionGuid = {CF875DC8-4C80-4917-9CDB-92BCDF16B1E6}
	EndGlobalSection
EndGlobal
